
Microsoft Visual Studio Solution File, Format Version 12.00
# Visual Studio Version 16
VisualStudioVersion = 25.0.1705.3
MinimumVisualStudioVersion = 10.0.40219.1
Project("{FAE04EC0-301F-11D3-BF4B-00C04F79EFBC}") = "word-finder", "word-finder\word-finder.csproj", "{F08E3F42-F9C5-47BF-BDDE-FED508977730}"
EndProject
Global
	GlobalSection(SolutionConfigurationPlatforms) = preSolution
		Debug|Any CPU = Debug|Any CPU
		Release|Any CPU = Release|Any CPU
	EndGlobalSection
	GlobalSection(ProjectConfigurationPlatforms) = postSolution
		{F08E3F42-F9C5-47BF-BDDE-FED508977730}.Debug|Any CPU.ActiveCfg = Debug|Any CPU
		{F08E3F42-F9C5-47BF-BDDE-FED508977730}.Debug|Any CPU.Build.0 = Debug|Any CPU
		{F08E3F42-F9C5-47BF-BDDE-FED508977730}.Release|Any CPU.ActiveCfg = Release|Any CPU
		{F08E3F42-F9C5-47BF-BDDE-FED508977730}.Release|Any CPU.Build.0 = Release|Any CPU
	EndGlobalSection
	GlobalSection(SolutionProperties) = preSolution
		HideSolutionNode = FALSE
	EndGlobalSection
	GlobalSection(ExtensibilityGlobals) = postSolution
		SolutionGuid = {34FF41D1-5030-4A41-B403-2DC24542953E}
	EndGlobalSection
EndGlobal
